// !$*UTF8*$!
{
	archiveVersion = 1;
	classes = {
	};
	objectVersion = 46;
	objects = {

/* Begin PBXBuildFile section */
		D061B0AC1C632857003B58C1 /* FakeTwitterTests.m in Sources */ = {isa = PBXBuildFile; fileRef = D061B0AB1C632857003B58C1 /* FakeTwitterTests.m */; };
		D061B0BA1C633AE5003B58C1 /* FakeTwitterLoginTests.m in Sources */ = {isa = PBXBuildFile; fileRef = D061B0B91C633AE5003B58C1 /* FakeTwitterLoginTests.m */; };
		D075E2281C62DF86000A2834 /* FakeAPI.m in Sources */ = {isa = PBXBuildFile; fileRef = D075E2271C62DF86000A2834 /* FakeAPI.m */; };
		D075E22B1C62EF31000A2834 /* WriteTweetVC.m in Sources */ = {isa = PBXBuildFile; fileRef = D075E22A1C62EF31000A2834 /* WriteTweetVC.m */; };
		D0ED37041C61B28C00F02641 /* main.m in Sources */ = {isa = PBXBuildFile; fileRef = D0ED37031C61B28C00F02641 /* main.m */; };
		D0ED37071C61B28C00F02641 /* AppDelegate.m in Sources */ = {isa = PBXBuildFile; fileRef = D0ED37061C61B28C00F02641 /* AppDelegate.m */; };
		D0ED370D1C61B28C00F02641 /* Main.storyboard in Resources */ = {isa = PBXBuildFile; fileRef = D0ED370B1C61B28C00F02641 /* Main.storyboard */; };
		D0ED370F1C61B28C00F02641 /* Assets.xcassets in Resources */ = {isa = PBXBuildFile; fileRef = D0ED370E1C61B28C00F02641 /* Assets.xcassets */; };
		D0ED37121C61B28C00F02641 /* LaunchScreen.storyboard in Resources */ = {isa = PBXBuildFile; fileRef = D0ED37101C61B28C00F02641 /* LaunchScreen.storyboard */; };
		D0ED371B1C61B2ED00F02641 /* LoginVC.m in Sources */ = {isa = PBXBuildFile; fileRef = D0ED371A1C61B2ED00F02641 /* LoginVC.m */; };
		D0ED371E1C61C08200F02641 /* TweetsVC.m in Sources */ = {isa = PBXBuildFile; fileRef = D0ED371D1C61C08200F02641 /* TweetsVC.m */; };
		D0ED37211C61D8AA00F02641 /* TweetCell.m in Sources */ = {isa = PBXBuildFile; fileRef = D0ED37201C61D8AA00F02641 /* TweetCell.m */; };
/* End PBXBuildFile section */

/* Begin PBXContainerItemProxy section */
		D061B0AE1C632857003B58C1 /* PBXContainerItemProxy */ = {
			isa = PBXContainerItemProxy;
			containerPortal = D0ED36F71C61B28C00F02641 /* Project object */;
			proxyType = 1;
			remoteGlobalIDString = D0ED36FE1C61B28C00F02641;
			remoteInfo = FakeTwitter;
		};
		D061B0BC1C633AE5003B58C1 /* PBXContainerItemProxy */ = {
			isa = PBXContainerItemProxy;
			containerPortal = D0ED36F71C61B28C00F02641 /* Project object */;
			proxyType = 1;
			remoteGlobalIDString = D0ED36FE1C61B28C00F02641;
			remoteInfo = FakeTwitter;
		};
/* End PBXContainerItemProxy section */

/* Begin PBXFileReference section */
		D061B0A91C632857003B58C1 /* FakeTwitterTests.xctest */ = {isa = PBXFileReference; explicitFileType = wrapper.cfbundle; includeInIndex = 0; path = FakeTwitterTests.xctest; sourceTree = BUILT_PRODUCTS_DIR; };
		D061B0AB1C632857003B58C1 /* FakeTwitterTests.m */ = {isa = PBXFileReference; lastKnownFileType = sourcecode.c.objc; path = FakeTwitterTests.m; sourceTree = "<group>"; };
		D061B0AD1C632857003B58C1 /* Info.plist */ = {isa = PBXFileReference; lastKnownFileType = text.plist.xml; path = Info.plist; sourceTree = "<group>"; };
		D061B0B71C633AE5003B58C1 /* FakeTwitterLoginTests.xctest */ = {isa = PBXFileReference; explicitFileType = wrapper.cfbundle; includeInIndex = 0; path = FakeTwitterLoginTests.xctest; sourceTree = BUILT_PRODUCTS_DIR; };
		D061B0B91C633AE5003B58C1 /* FakeTwitterLoginTests.m */ = {isa = PBXFileReference; lastKnownFileType = sourcecode.c.objc; path = FakeTwitterLoginTests.m; sourceTree = "<group>"; };
		D061B0BB1C633AE5003B58C1 /* Info.plist */ = {isa = PBXFileReference; lastKnownFileType = text.plist.xml; path = Info.plist; sourceTree = "<group>"; };
		D075E2261C62DF86000A2834 /* FakeAPI.h */ = {isa = PBXFileReference; fileEncoding = 4; lastKnownFileType = sourcecode.c.h; path = FakeAPI.h; sourceTree = "<group>"; };
		D075E2271C62DF86000A2834 /* FakeAPI.m */ = {isa = PBXFileReference; fileEncoding = 4; lastKnownFileType = sourcecode.c.objc; path = FakeAPI.m; sourceTree = "<group>"; };
		D075E2291C62EF31000A2834 /* WriteTweetVC.h */ = {isa = PBXFileReference; fileEncoding = 4; lastKnownFileType = sourcecode.c.h; path = WriteTweetVC.h; sourceTree = "<group>"; };
		D075E22A1C62EF31000A2834 /* WriteTweetVC.m */ = {isa = PBXFileReference; fileEncoding = 4; lastKnownFileType = sourcecode.c.objc; path = WriteTweetVC.m; sourceTree = "<group>"; };
		D0ED36FF1C61B28C00F02641 /* FakeTwitter.app */ = {isa = PBXFileReference; explicitFileType = wrapper.application; includeInIndex = 0; path = FakeTwitter.app; sourceTree = BUILT_PRODUCTS_DIR; };
		D0ED37031C61B28C00F02641 /* main.m */ = {isa = PBXFileReference; lastKnownFileType = sourcecode.c.objc; path = main.m; sourceTree = "<group>"; };
		D0ED37051C61B28C00F02641 /* AppDelegate.h */ = {isa = PBXFileReference; lastKnownFileType = sourcecode.c.h; path = AppDelegate.h; sourceTree = "<group>"; };
		D0ED37061C61B28C00F02641 /* AppDelegate.m */ = {isa = PBXFileReference; lastKnownFileType = sourcecode.c.objc; path = AppDelegate.m; sourceTree = "<group>"; };
		D0ED370C1C61B28C00F02641 /* Base */ = {isa = PBXFileReference; lastKnownFileType = file.storyboard; name = Base; path = Base.lproj/Main.storyboard; sourceTree = "<group>"; };
		D0ED370E1C61B28C00F02641 /* Assets.xcassets */ = {isa = PBXFileReference; lastKnownFileType = folder.assetcatalog; path = Assets.xcassets; sourceTree = "<group>"; };
		D0ED37111C61B28C00F02641 /* Base */ = {isa = PBXFileReference; lastKnownFileType = file.storyboard; name = Base; path = Base.lproj/LaunchScreen.storyboard; sourceTree = "<group>"; };
		D0ED37131C61B28C00F02641 /* Info.plist */ = {isa = PBXFileReference; lastKnownFileType = text.plist.xml; path = Info.plist; sourceTree = "<group>"; };
		D0ED37191C61B2ED00F02641 /* LoginVC.h */ = {isa = PBXFileReference; fileEncoding = 4; lastKnownFileType = sourcecode.c.h; path = LoginVC.h; sourceTree = "<group>"; };
		D0ED371A1C61B2ED00F02641 /* LoginVC.m */ = {isa = PBXFileReference; fileEncoding = 4; lastKnownFileType = sourcecode.c.objc; path = LoginVC.m; sourceTree = "<group>"; };
		D0ED371C1C61C08200F02641 /* TweetsVC.h */ = {isa = PBXFileReference; fileEncoding = 4; lastKnownFileType = sourcecode.c.h; path = TweetsVC.h; sourceTree = "<group>"; };
		D0ED371D1C61C08200F02641 /* TweetsVC.m */ = {isa = PBXFileReference; fileEncoding = 4; lastKnownFileType = sourcecode.c.objc; path = TweetsVC.m; sourceTree = "<group>"; };
		D0ED371F1C61D8AA00F02641 /* TweetCell.h */ = {isa = PBXFileReference; fileEncoding = 4; lastKnownFileType = sourcecode.c.h; path = TweetCell.h; sourceTree = "<group>"; };
		D0ED37201C61D8AA00F02641 /* TweetCell.m */ = {isa = PBXFileReference; fileEncoding = 4; lastKnownFileType = sourcecode.c.objc; path = TweetCell.m; sourceTree = "<group>"; };
/* End PBXFileReference section */

/* Begin PBXFrameworksBuildPhase section */
		D061B0A61C632857003B58C1 /* Frameworks */ = {
			isa = PBXFrameworksBuildPhase;
			buildActionMask = 2147483647;
			files = (
			);
			runOnlyForDeploymentPostprocessing = 0;
		};
		D061B0B41C633AE5003B58C1 /* Frameworks */ = {
			isa = PBXFrameworksBuildPhase;
			buildActionMask = 2147483647;
			files = (
			);
			runOnlyForDeploymentPostprocessing = 0;
		};
		D0ED36FC1C61B28C00F02641 /* Frameworks */ = {
			isa = PBXFrameworksBuildPhase;
			buildActionMask = 2147483647;
			files = (
			);
			runOnlyForDeploymentPostprocessing = 0;
		};
/* End PBXFrameworksBuildPhase section */

/* Begin PBXGroup section */
		D061B0AA1C632857003B58C1 /* FakeTwitterTests */ = {
			isa = PBXGroup;
			children = (
				D061B0AB1C632857003B58C1 /* FakeTwitterTests.m */,
				D061B0AD1C632857003B58C1 /* Info.plist */,
			);
			path = FakeTwitterTests;
			sourceTree = "<group>";
		};
		D061B0B81C633AE5003B58C1 /* FakeTwitterLoginTests */ = {
			isa = PBXGroup;
			children = (
				D061B0B91C633AE5003B58C1 /* FakeTwitterLoginTests.m */,
				D061B0BB1C633AE5003B58C1 /* Info.plist */,
			);
			path = FakeTwitterLoginTests;
			sourceTree = "<group>";
		};
		D0ED36F61C61B28C00F02641 = {
			isa = PBXGroup;
			children = (
				D0ED37011C61B28C00F02641 /* FakeTwitter */,
				D061B0AA1C632857003B58C1 /* FakeTwitterTests */,
				D061B0B81C633AE5003B58C1 /* FakeTwitterLoginTests */,
				D0ED37001C61B28C00F02641 /* Products */,
			);
			sourceTree = "<group>";
		};
		D0ED37001C61B28C00F02641 /* Products */ = {
			isa = PBXGroup;
			children = (
				D0ED36FF1C61B28C00F02641 /* FakeTwitter.app */,
				D061B0A91C632857003B58C1 /* FakeTwitterTests.xctest */,
				D061B0B71C633AE5003B58C1 /* FakeTwitterLoginTests.xctest */,
			);
			name = Products;
			sourceTree = "<group>";
		};
		D0ED37011C61B28C00F02641 /* FakeTwitter */ = {
			isa = PBXGroup;
			children = (
				D0ED370B1C61B28C00F02641 /* Main.storyboard */,
				D0ED37101C61B28C00F02641 /* LaunchScreen.storyboard */,
				D0ED37051C61B28C00F02641 /* AppDelegate.h */,
				D0ED37061C61B28C00F02641 /* AppDelegate.m */,
				D0ED37191C61B2ED00F02641 /* LoginVC.h */,
				D0ED371A1C61B2ED00F02641 /* LoginVC.m */,
				D0ED371C1C61C08200F02641 /* TweetsVC.h */,
				D0ED371D1C61C08200F02641 /* TweetsVC.m */,
				D0ED371F1C61D8AA00F02641 /* TweetCell.h */,
				D0ED37201C61D8AA00F02641 /* TweetCell.m */,
				D075E2291C62EF31000A2834 /* WriteTweetVC.h */,
				D075E22A1C62EF31000A2834 /* WriteTweetVC.m */,
				D075E2261C62DF86000A2834 /* FakeAPI.h */,
				D075E2271C62DF86000A2834 /* FakeAPI.m */,
				D0ED370E1C61B28C00F02641 /* Assets.xcassets */,
				D0ED37131C61B28C00F02641 /* Info.plist */,
				D0ED37021C61B28C00F02641 /* Supporting Files */,
			);
			path = FakeTwitter;
			sourceTree = "<group>";
		};
		D0ED37021C61B28C00F02641 /* Supporting Files */ = {
			isa = PBXGroup;
			children = (
				D0ED37031C61B28C00F02641 /* main.m */,
			);
			name = "Supporting Files";
			sourceTree = "<group>";
		};
/* End PBXGroup section */

/* Begin PBXNativeTarget section */
		D061B0A81C632857003B58C1 /* FakeTwitterTests */ = {
			isa = PBXNativeTarget;
			buildConfigurationList = D061B0B01C632857003B58C1 /* Build configuration list for PBXNativeTarget "FakeTwitterTests" */;
			buildPhases = (
				D061B0A51C632857003B58C1 /* Sources */,
				D061B0A61C632857003B58C1 /* Frameworks */,
				D061B0A71C632857003B58C1 /* Resources */,
			);
			buildRules = (
			);
			dependencies = (
				D061B0AF1C632857003B58C1 /* PBXTargetDependency */,
			);
			name = FakeTwitterTests;
			productName = FakeTwitterTests;
			productReference = D061B0A91C632857003B58C1 /* FakeTwitterTests.xctest */;
			productType = "com.apple.product-type.bundle.unit-test";
		};
		D061B0B61C633AE5003B58C1 /* FakeTwitterLoginTests */ = {
			isa = PBXNativeTarget;
			buildConfigurationList = D061B0BE1C633AE6003B58C1 /* Build configuration list for PBXNativeTarget "FakeTwitterLoginTests" */;
			buildPhases = (
				D061B0B31C633AE5003B58C1 /* Sources */,
				D061B0B41C633AE5003B58C1 /* Frameworks */,
				D061B0B51C633AE5003B58C1 /* Resources */,
			);
			buildRules = (
			);
			dependencies = (
				D061B0BD1C633AE5003B58C1 /* PBXTargetDependency */,
			);
			name = FakeTwitterLoginTests;
			productName = FakeTwitterLoginTests;
			productReference = D061B0B71C633AE5003B58C1 /* FakeTwitterLoginTests.xctest */;
			productType = "com.apple.product-type.bundle.unit-test";
		};
		D0ED36FE1C61B28C00F02641 /* FakeTwitter */ = {
			isa = PBXNativeTarget;
			buildConfigurationList = D0ED37161C61B28C00F02641 /* Build configuration list for PBXNativeTarget "FakeTwitter" */;
			buildPhases = (
				D0ED36FB1C61B28C00F02641 /* Sources */,
				D0ED36FC1C61B28C00F02641 /* Frameworks */,
				D0ED36FD1C61B28C00F02641 /* Resources */,
			);
			buildRules = (
			);
			dependencies = (
			);
			name = FakeTwitter;
			productName = FakeTwitter;
			productReference = D0ED36FF1C61B28C00F02641 /* FakeTwitter.app */;
			productType = "com.apple.product-type.application";
		};
/* End PBXNativeTarget section */

/* Begin PBXProject section */
		D0ED36F71C61B28C00F02641 /* Project object */ = {
			isa = PBXProject;
			attributes = {
				LastUpgradeCheck = 0710;
				ORGANIZATIONNAME = "Jeremy Bringetto";
				TargetAttributes = {
					D061B0A81C632857003B58C1 = {
						CreatedOnToolsVersion = 7.1;
						TestTargetID = D0ED36FE1C61B28C00F02641;
					};
					D061B0B61C633AE5003B58C1 = {
						CreatedOnToolsVersion = 7.1;
						TestTargetID = D0ED36FE1C61B28C00F02641;
					};
					D0ED36FE1C61B28C00F02641 = {
						CreatedOnToolsVersion = 7.1;
					};
				};
			};
			buildConfigurationList = D0ED36FA1C61B28C00F02641 /* Build configuration list for PBXProject "FakeTwitter" */;
			compatibilityVersion = "Xcode 3.2";
			developmentRegion = English;
			hasScannedForEncodings = 0;
			knownRegions = (
				en,
				Base,
			);
			mainGroup = D0ED36F61C61B28C00F02641;
			productRefGroup = D0ED37001C61B28C00F02641 /* Products */;
			projectDirPath = "";
			projectRoot = "";
			targets = (
				D0ED36FE1C61B28C00F02641 /* FakeTwitter */,
				D061B0A81C632857003B58C1 /* FakeTwitterTests */,
				D061B0B61C633AE5003B58C1 /* FakeTwitterLoginTests */,
			);
		};
/* End PBXProject section */

/* Begin PBXResourcesBuildPhase section */
		D061B0A71C632857003B58C1 /* Resources */ = {
			isa = PBXResourcesBuildPhase;
			buildActionMask = 2147483647;
			files = (
			);
			runOnlyForDeploymentPostprocessing = 0;
		};
		D061B0B51C633AE5003B58C1 /* Resources */ = {
			isa = PBXResourcesBuildPhase;
			buildActionMask = 2147483647;
			files = (
			);
			runOnlyForDeploymentPostprocessing = 0;
		};
		D0ED36FD1C61B28C00F02641 /* Resources */ = {
			isa = PBXResourcesBuildPhase;
			buildActionMask = 2147483647;
			files = (
				D0ED37121C61B28C00F02641 /* LaunchScreen.storyboard in Resources */,
				D0ED370F1C61B28C00F02641 /* Assets.xcassets in Resources */,
				D0ED370D1C61B28C00F02641 /* Main.storyboard in Resources */,
			);
			runOnlyForDeploymentPostprocessing = 0;
		};
/* End PBXResourcesBuildPhase section */

/* Begin PBXSourcesBuildPhase section */
		D061B0A51C632857003B58C1 /* Sources */ = {
			isa = PBXSourcesBuildPhase;
			buildActionMask = 2147483647;
			files = (
				D061B0AC1C632857003B58C1 /* FakeTwitterTests.m in Sources */,
			);
			runOnlyForDeploymentPostprocessing = 0;
		};
		D061B0B31C633AE5003B58C1 /* Sources */ = {
			isa = PBXSourcesBuildPhase;
			buildActionMask = 2147483647;
			files = (
				D061B0BA1C633AE5003B58C1 /* FakeTwitterLoginTests.m in Sources */,
			);
			runOnlyForDeploymentPostprocessing = 0;
		};
		D0ED36FB1C61B28C00F02641 /* Sources */ = {
			isa = PBXSourcesBuildPhase;
			buildActionMask = 2147483647;
			files = (
				D0ED37071C61B28C00F02641 /* AppDelegate.m in Sources */,
				D075E2281C62DF86000A2834 /* FakeAPI.m in Sources */,
				D0ED371B1C61B2ED00F02641 /* LoginVC.m in Sources */,
				D0ED371E1C61C08200F02641 /* TweetsVC.m in Sources */,
				D075E22B1C62EF31000A2834 /* WriteTweetVC.m in Sources */,
				D0ED37211C61D8AA00F02641 /* TweetCell.m in Sources */,
				D0ED37041C61B28C00F02641 /* main.m in Sources */,
			);
			runOnlyForDeploymentPostprocessing = 0;
		};
/* End PBXSourcesBuildPhase section */

/* Begin PBXTargetDependency section */
		D061B0AF1C632857003B58C1 /* PBXTargetDependency */ = {
			isa = PBXTargetDependency;
			target = D0ED36FE1C61B28C00F02641 /* FakeTwitter */;
			targetProxy = D061B0AE1C632857003B58C1 /* PBXContainerItemProxy */;
		};
		D061B0BD1C633AE5003B58C1 /* PBXTargetDependency */ = {
			isa = PBXTargetDependency;
			target = D0ED36FE1C61B28C00F02641 /* FakeTwitter */;
			targetProxy = D061B0BC1C633AE5003B58C1 /* PBXContainerItemProxy */;
		};
/* End PBXTargetDependency section */

/* Begin PBXVariantGroup section */
		D0ED370B1C61B28C00F02641 /* Main.storyboard */ = {
			isa = PBXVariantGroup;
			children = (
				D0ED370C1C61B28C00F02641 /* Base */,
			);
			name = Main.storyboard;
			sourceTree = "<group>";
		};
		D0ED37101C61B28C00F02641 /* LaunchScreen.storyboard */ = {
			isa = PBXVariantGroup;
			children = (
				D0ED37111C61B28C00F02641 /* Base */,
			);
			name = LaunchScreen.storyboard;
			sourceTree = "<group>";
		};
/* End PBXVariantGroup section */

/* Begin XCBuildConfiguration section */
		D061B0B11C632857003B58C1 /* Debug */ = {
			isa = XCBuildConfiguration;
			buildSettings = {
				BUNDLE_LOADER = "$(TEST_HOST)";
				INFOPLIST_FILE = FakeTwitterTests/Info.plist;
				LD_RUNPATH_SEARCH_PATHS = "$(inherited) @executable_path/Frameworks @loader_path/Frameworks";
				PRODUCT_BUNDLE_IDENTIFIER = com.beachmoss.FakeTwitterTests;
				PRODUCT_NAME = "$(TARGET_NAME)";
				TEST_HOST = "$(BUILT_PRODUCTS_DIR)/FakeTwitter.app/FakeTwitter";
			};
			name = Debug;
		};
		D061B0B21C632857003B58C1 /* Release */ = {
			isa = XCBuildConfiguration;
			buildSettings = {
				BUNDLE_LOADER = "$(TEST_HOST)";
				INFOPLIST_FILE = FakeTwitterTests/Info.plist;
				LD_RUNPATH_SEARCH_PATHS = "$(inherited) @executable_path/Frameworks @loader_path/Frameworks";
				PRODUCT_BUNDLE_IDENTIFIER = com.beachmoss.FakeTwitterTests;
				PRODUCT_NAME = "$(TARGET_NAME)";
				TEST_HOST = "$(BUILT_PRODUCTS_DIR)/FakeTwitter.app/FakeTwitter";
			};
			name = Release;
		};
		D061B0BF1C633AE6003B58C1 /* Debug */ = {
			isa = XCBuildConfiguration;
			buildSettings = {
				BUNDLE_LOADER = "$(TEST_HOST)";
				INFOPLIST_FILE = FakeTwitterLoginTests/Info.plist;
				LD_RUNPATH_SEARCH_PATHS = "$(inherited) @executable_path/Frameworks @loader_path/Frameworks";
				PRODUCT_BUNDLE_IDENTIFIER = com.beachmoss.FakeTwitterLoginTests;
				PRODUCT_NAME = "$(TARGET_NAME)";
				TEST_HOST = "$(BUILT_PRODUCTS_DIR)/FakeTwitter.app/FakeTwitter";
			};
			name = Debug;
		};
		D061B0C01C633AE6003B58C1 /* Release */ = {
			isa = XCBuildConfiguration;
			buildSettings = {
				BUNDLE_LOADER = "$(TEST_HOST)";
				INFOPLIST_FILE = FakeTwitterLoginTests/Info.plist;
				LD_RUNPATH_SEARCH_PATHS = "$(inherited) @executable_path/Frameworks @loader_path/Frameworks";
				PRODUCT_BUNDLE_IDENTIFIER = com.beachmoss.FakeTwitterLoginTests;
				PRODUCT_NAME = "$(TARGET_NAME)";
				TEST_HOST = "$(BUILT_PRODUCTS_DIR)/FakeTwitter.app/FakeTwitter";
			};
			name = Release;
		};
		D0ED37141C61B28C00F02641 /* Debug */ = {
			isa = XCBuildConfiguration;
			buildSettings = {
				ALWAYS_SEARCH_USER_PATHS = NO;
				CLANG_CXX_LANGUAGE_STANDARD = "gnu++0x";
				CLANG_CXX_LIBRARY = "libc++";
				CLANG_ENABLE_MODULES = YES;
				CLANG_ENABLE_OBJC_ARC = YES;
				CLANG_WARN_BOOL_CONVERSION = YES;
				CLANG_WARN_CONSTANT_CONVERSION = YES;
				CLANG_WARN_DIRECT_OBJC_ISA_USAGE = YES_ERROR;
				CLANG_WARN_EMPTY_BODY = YES;
				CLANG_WARN_ENUM_CONVERSION = YES;
				CLANG_WARN_INT_CONVERSION = YES;
				CLANG_WARN_OBJC_ROOT_CLASS = YES_ERROR;
				CLANG_WARN_UNREACHABLE_CODE = YES;
				CLANG_WARN__DUPLICATE_METHOD_MATCH = YES;
				"CODE_SIGN_IDENTITY[sdk=iphoneos*]" = "iPhone Developer";
				COPY_PHASE_STRIP = NO;
				DEBUG_INFORMATION_FORMAT = dwarf;
				ENABLE_STRICT_OBJC_MSGSEND = YES;
				ENABLE_TESTABILITY = YES;
				GCC_C_LANGUAGE_STANDARD = gnu99;
				GCC_DYNAMIC_NO_PIC = NO;
				GCC_NO_COMMON_BLOCKS = YES;
				GCC_OPTIMIZATION_LEVEL = 0;
				GCC_PREPROCESSOR_DEFINITIONS = (
					"DEBUG=1",
					"$(inherited)",
				);
				GCC_WARN_64_TO_32_BIT_CONVERSION = YES;
				GCC_WARN_ABOUT_RETURN_TYPE = YES_ERROR;
				GCC_WARN_UNDECLARED_SELECTOR = YES;
				GCC_WARN_UNINITIALIZED_AUTOS = YES_AGGRESSIVE;
				GCC_WARN_UNUSED_FUNCTION = YES;
				GCC_WARN_UNUSED_VARIABLE = YES;
				IPHONEOS_DEPLOYMENT_TARGET = 9.1;
				MTL_ENABLE_DEBUG_INFO = YES;
				ONLY_ACTIVE_ARCH = YES;
				SDKROOT = iphoneos;
			};
			name = Debug;
		};
		D0ED37151C61B28C00F02641 /* Release */ = {
			isa = XCBuildConfiguration;
			buildSettings = {
				ALWAYS_SEARCH_USER_PATHS = NO;
				CLANG_CXX_LANGUAGE_STANDARD = "gnu++0x";
				CLANG_CXX_LIBRARY = "libc++";
				CLANG_ENABLE_MODULES = YES;
				CLANG_ENABLE_OBJC_ARC = YES;
				CLANG_WARN_BOOL_CONVERSION = YES;
				CLANG_WARN_CONSTANT_CONVERSION = YES;
				CLANG_WARN_DIRECT_OBJC_ISA_USAGE = YES_ERROR;
				CLANG_WARN_EMPTY_BODY = YES;
				CLANG_WARN_ENUM_CONVERSION = YES;
				CLANG_WARN_INT_CONVERSION = YES;
				CLANG_WARN_OBJC_ROOT_CLASS = YES_ERROR;
				CLANG_WARN_UNREACHABLE_CODE = YES;
				CLANG_WARN__DUPLICATE_METHOD_MATCH = YES;
				"CODE_SIGN_IDENTITY[sdk=iphoneos*]" = "iPhone Developer";
				COPY_PHASE_STRIP = NO;
				DEBUG_INFORMATION_FORMAT = "dwarf-with-dsym";
				ENABLE_NS_ASSERTIONS = NO;
				ENABLE_STRICT_OBJC_MSGSEND = YES;
				GCC_C_LANGUAGE_STANDARD = gnu99;
				GCC_NO_COMMON_BLOCKS = YES;
				GCC_WARN_64_TO_32_BIT_CONVERSION = YES;
				GCC_WARN_ABOUT_RETURN_TYPE = YES_ERROR;
				GCC_WARN_UNDECLARED_SELECTOR = YES;
				GCC_WARN_UNINITIALIZED_AUTOS = YES_AGGRESSIVE;
				GCC_WARN_UNUSED_FUNCTION = YES;
				GCC_WARN_UNUSED_VARIABLE = YES;
				IPHONEOS_DEPLOYMENT_TARGET = 9.1;
				MTL_ENABLE_DEBUG_INFO = NO;
				SDKROOT = iphoneos;
				VALIDATE_PRODUCT = YES;
			};
			name = Release;
		};
		D0ED37171C61B28C00F02641 /* Debug */ = {
			isa = XCBuildConfiguration;
			buildSettings = {
				ASSETCATALOG_COMPILER_APPICON_NAME = AppIcon;
				INFOPLIST_FILE = FakeTwitter/Info.plist;
				LD_RUNPATH_SEARCH_PATHS = "$(inherited) @executable_path/Frameworks";
				PRODUCT_BUNDLE_IDENTIFIER = com.beachmoss.FakeTwitter;
				PRODUCT_NAME = "$(TARGET_NAME)";
			};
			name = Debug;
		};
		D0ED37181C61B28C00F02641 /* Release */ = {
			isa = XCBuildConfiguration;
			buildSettings = {
				ASSETCATALOG_COMPILER_APPICON_NAME = AppIcon;
				INFOPLIST_FILE = FakeTwitter/Info.plist;
				LD_RUNPATH_SEARCH_PATHS = "$(inherited) @executable_path/Frameworks";
				PRODUCT_BUNDLE_IDENTIFIER = com.beachmoss.FakeTwitter;
				PRODUCT_NAME = "$(TARGET_NAME)";
			};
			name = Release;
		};
/* End XCBuildConfiguration section */

/* Begin XCConfigurationList section */
		D061B0B01C632857003B58C1 /* Build configuration list for PBXNativeTarget "FakeTwitterTests" */ = {
			isa = XCConfigurationList;
			buildConfigurations = (
				D061B0B11C632857003B58C1 /* Debug */,
				D061B0B21C632857003B58C1 /* Release */,
			);
			defaultConfigurationIsVisible = 0;
		};
		D061B0BE1C633AE6003B58C1 /* Build configuration list for PBXNativeTarget "FakeTwitterLoginTests" */ = {
			isa = XCConfigurationList;
			buildConfigurations = (
				D061B0BF1C633AE6003B58C1 /* Debug */,
				D061B0C01C633AE6003B58C1 /* Release */,
			);
			defaultConfigurationIsVisible = 0;
		};
		D0ED36FA1C61B28C00F02641 /* Build configuration list for PBXProject "FakeTwitter" */ = {
			isa = XCConfigurationList;
			buildConfigurations = (
				D0ED37141C61B28C00F02641 /* Debug */,
				D0ED37151C61B28C00F02641 /* Release */,
			);
			defaultConfigurationIsVisible = 0;
			defaultConfigurationName = Release;
		};
		D0ED37161C61B28C00F02641 /* Build configuration list for PBXNativeTarget "FakeTwitter" */ = {
			isa = XCConfigurationList;
			buildConfigurations = (
				D0ED37171C61B28C00F02641 /* Debug */,
				D0ED37181C61B28C00F02641 /* Release */,
			);
			defaultConfigurationIsVisible = 0;
			defaultConfigurationName = Release;
		};
/* End XCConfigurationList section */
	};
	rootObject = D0ED36F71C61B28C00F02641 /* Project object */;
}
